PODS:
  - AnyError (1.0.0)
  - BrightFutures (4.1.0):
    - Result (~> 2.0)
  - NACommonUtils (1.4.0)
  - NADocumentPicker (1.0.9):
    - AnyError
    - BrightFutures
    - NACommonUtils
  - Result (2.1.2)

DEPENDENCIES:
  - BrightFutures
  - NADocumentPicker (from `../`)

EXTERNAL SOURCES:
  NADocumentPicker:
    :path: "../"

SPEC CHECKSUMS:
  AnyError: 061901d341f2eb896faa23eff8cd5de4dbd3c57a
  BrightFutures: e18b83fd6fa8562ceb9902ee609f0de23b0ee110
  NACommonUtils: 191867ed92ec0da25452c7597a51c4c030954456
  NADocumentPicker: 986051ab7dffd1cc3ac83584f2fc4790a5217f7e
  Result: 6e722d4a66b1408680dbfcdf51c0b1c4b706316a

PODFILE CHECKSUM: e30c90475cc215e1a7575d6edd876c0d5a558f4f

COCOAPODS: 1.0.1
