// !$*UTF8*$!
{
	archiveVersion = 1;
	classes = {
	};
	objectVersion = 46;
	objects = {

/* Begin PBXBuildFile section */
		848ED4E91C8EFFEA00EC5B59 /* AppDelegate.swift in Sources */ = {isa = PBXBuildFile; fileRef = 848ED4E81C8EFFEA00EC5B59 /* AppDelegate.swift */; };
		848ED4EB1C8EFFEA00EC5B59 /* ViewController.swift in Sources */ = {isa = PBXBuildFile; fileRef = 848ED4EA1C8EFFEA00EC5B59 /* ViewController.swift */; };
		848ED4EE1C8EFFEA00EC5B59 /* Main.storyboard in Resources */ = {isa = PBXBuildFile; fileRef = 848ED4EC1C8EFFEA00EC5B59 /* Main.storyboard */; };
		848ED4F01C8EFFEA00EC5B59 /* Assets.xcassets in Resources */ = {isa = PBXBuildFile; fileRef = 848ED4EF1C8EFFEA00EC5B59 /* Assets.xcassets */; };
		848ED4F31C8EFFEA00EC5B59 /* LaunchScreen.storyboard in Resources */ = {isa = PBXBuildFile; fileRef = 848ED4F11C8EFFEA00EC5B59 /* LaunchScreen.storyboard */; };
		848ED50B1C8F055400EC5B59 /* iCloudException@1x.png in Resources */ = {isa = PBXBuildFile; fileRef = 848ED5071C8F055400EC5B59 /* iCloudException@1x.png */; };
		848ED50C1C8F055400EC5B59 /* iCloudException@2x.png in Resources */ = {isa = PBXBuildFile; fileRef = 848ED5081C8F055400EC5B59 /* iCloudException@2x.png */; };
		848ED50D1C8F055400EC5B59 /* iCloudFix@1x.png in Resources */ = {isa = PBXBuildFile; fileRef = 848ED5091C8F055400EC5B59 /* iCloudFix@1x.png */; };
		848ED50E1C8F055400EC5B59 /* iCloudFix@2x.png in Resources */ = {isa = PBXBuildFile; fileRef = 848ED50A1C8F055400EC5B59 /* iCloudFix@2x.png */; };
		848ED55E1C8F2BD500EC5B59 /* NADocumentPicker.framework in Frameworks */ = {isa = PBXBuildFile; fileRef = 848ED5541C8F2B6500EC5B59 /* NADocumentPicker.framework */; };
		848ED55F1C8F2BD500EC5B59 /* NADocumentPicker.framework in Embed Frameworks */ = {isa = PBXBuildFile; fileRef = 848ED5541C8F2B6500EC5B59 /* NADocumentPicker.framework */; settings = {ATTRIBUTES = (CodeSignOnCopy, RemoveHeadersOnCopy, ); }; };
		848ED56D1C8F2E7900EC5B59 /* BrightFutures.framework in Frameworks */ = {isa = PBXBuildFile; fileRef = 848ED56C1C8F2E7900EC5B59 /* BrightFutures.framework */; };
		848ED56F1C8F2E7E00EC5B59 /* NACommonUtils.framework in Frameworks */ = {isa = PBXBuildFile; fileRef = 848ED56E1C8F2E7E00EC5B59 /* NACommonUtils.framework */; };
		848ED5711C8F2E8300EC5B59 /* Result.framework in Frameworks */ = {isa = PBXBuildFile; fileRef = 848ED5701C8F2E8300EC5B59 /* Result.framework */; };
/* End PBXBuildFile section */

/* Begin PBXCopyFilesBuildPhase section */
		848ED5571C8F2B6500EC5B59 /* Embed Frameworks */ = {
			isa = PBXCopyFilesBuildPhase;
			buildActionMask = 2147483647;
			dstPath = "";
			dstSubfolderSpec = 10;
			files = (
				848ED55F1C8F2BD500EC5B59 /* NADocumentPicker.framework in Embed Frameworks */,
			);
			name = "Embed Frameworks";
			runOnlyForDeploymentPostprocessing = 0;
		};
/* End PBXCopyFilesBuildPhase section */

/* Begin PBXFileReference section */
		848ED4E51C8EFFEA00EC5B59 /* DocumentPickerDemo.app */ = {isa = PBXFileReference; explicitFileType = wrapper.application; includeInIndex = 0; path = DocumentPickerDemo.app; sourceTree = BUILT_PRODUCTS_DIR; };
		848ED4E81C8EFFEA00EC5B59 /* AppDelegate.swift */ = {isa = PBXFileReference; lastKnownFileType = sourcecode.swift; path = AppDelegate.swift; sourceTree = "<group>"; };
		848ED4EA1C8EFFEA00EC5B59 /* ViewController.swift */ = {isa = PBXFileReference; lastKnownFileType = sourcecode.swift; path = ViewController.swift; sourceTree = "<group>"; };
		848ED4ED1C8EFFEA00EC5B59 /* Base */ = {isa = PBXFileReference; lastKnownFileType = file.storyboard; name = Base; path = Base.lproj/Main.storyboard; sourceTree = "<group>"; };
		848ED4EF1C8EFFEA00EC5B59 /* Assets.xcassets */ = {isa = PBXFileReference; lastKnownFileType = folder.assetcatalog; path = Assets.xcassets; sourceTree = "<group>"; };
		848ED4F21C8EFFEA00EC5B59 /* Base */ = {isa = PBXFileReference; lastKnownFileType = file.storyboard; name = Base; path = Base.lproj/LaunchScreen.storyboard; sourceTree = "<group>"; };
		848ED4F41C8EFFEA00EC5B59 /* Info.plist */ = {isa = PBXFileReference; lastKnownFileType = text.plist.xml; path = Info.plist; sourceTree = "<group>"; };
		848ED5071C8F055400EC5B59 /* iCloudException@1x.png */ = {isa = PBXFileReference; lastKnownFileType = image.png; path = "iCloudException@1x.png"; sourceTree = "<group>"; };
		848ED5081C8F055400EC5B59 /* iCloudException@2x.png */ = {isa = PBXFileReference; lastKnownFileType = image.png; path = "iCloudException@2x.png"; sourceTree = "<group>"; };
		848ED5091C8F055400EC5B59 /* iCloudFix@1x.png */ = {isa = PBXFileReference; lastKnownFileType = image.png; path = "iCloudFix@1x.png"; sourceTree = "<group>"; };
		848ED50A1C8F055400EC5B59 /* iCloudFix@2x.png */ = {isa = PBXFileReference; lastKnownFileType = image.png; path = "iCloudFix@2x.png"; sourceTree = "<group>"; };
		848ED50F1C8F07A300EC5B59 /* DocumentPickerDemo.entitlements */ = {isa = PBXFileReference; lastKnownFileType = text.xml; path = DocumentPickerDemo.entitlements; sourceTree = "<group>"; };
		848ED5541C8F2B6500EC5B59 /* NADocumentPicker.framework */ = {isa = PBXFileReference; explicitFileType = wrapper.framework; path = NADocumentPicker.framework; sourceTree = BUILT_PRODUCTS_DIR; };
		848ED56C1C8F2E7900EC5B59 /* BrightFutures.framework */ = {isa = PBXFileReference; lastKnownFileType = wrapper.framework; name = BrightFutures.framework; path = "/Users/nickager/Documents/programming/NADocumentPicker/Pods/../build/Debug-iphoneos/BrightFutures.framework"; sourceTree = "<absolute>"; };
		848ED56E1C8F2E7E00EC5B59 /* NACommonUtils.framework */ = {isa = PBXFileReference; lastKnownFileType = wrapper.framework; name = NACommonUtils.framework; path = "/Users/nickager/Documents/programming/NADocumentPicker/Pods/../build/Debug-iphoneos/NACommonUtils.framework"; sourceTree = "<absolute>"; };
		848ED5701C8F2E8300EC5B59 /* Result.framework */ = {isa = PBXFileReference; lastKnownFileType = wrapper.framework; name = Result.framework; path = "/Users/nickager/Documents/programming/NADocumentPicker/Pods/../build/Debug-iphoneos/Result.framework"; sourceTree = "<absolute>"; };
/* End PBXFileReference section */

/* Begin PBXFrameworksBuildPhase section */
		848ED4E21C8EFFEA00EC5B59 /* Frameworks */ = {
			isa = PBXFrameworksBuildPhase;
			buildActionMask = 2147483647;
			files = (
				848ED5711C8F2E8300EC5B59 /* Result.framework in Frameworks */,
				848ED56F1C8F2E7E00EC5B59 /* NACommonUtils.framework in Frameworks */,
				848ED56D1C8F2E7900EC5B59 /* BrightFutures.framework in Frameworks */,
				848ED55E1C8F2BD500EC5B59 /* NADocumentPicker.framework in Frameworks */,
			);
			runOnlyForDeploymentPostprocessing = 0;
		};
/* End PBXFrameworksBuildPhase section */

/* Begin PBXGroup section */
		848ED4DC1C8EFFEA00EC5B59 = {
			isa = PBXGroup;
			children = (
				848ED5701C8F2E8300EC5B59 /* Result.framework */,
				848ED56E1C8F2E7E00EC5B59 /* NACommonUtils.framework */,
				848ED56C1C8F2E7900EC5B59 /* BrightFutures.framework */,
				848ED5541C8F2B6500EC5B59 /* NADocumentPicker.framework */,
				848ED4E71C8EFFEA00EC5B59 /* DocumentPickerDemo */,
				848ED4E61C8EFFEA00EC5B59 /* Products */,
			);
			sourceTree = "<group>";
		};
		848ED4E61C8EFFEA00EC5B59 /* Products */ = {
			isa = PBXGroup;
			children = (
				848ED4E51C8EFFEA00EC5B59 /* DocumentPickerDemo.app */,
			);
			name = Products;
			sourceTree = "<group>";
		};
		848ED4E71C8EFFEA00EC5B59 /* DocumentPickerDemo */ = {
			isa = PBXGroup;
			children = (
				848ED50F1C8F07A300EC5B59 /* DocumentPickerDemo.entitlements */,
				848ED4E81C8EFFEA00EC5B59 /* AppDelegate.swift */,
				848ED4EA1C8EFFEA00EC5B59 /* ViewController.swift */,
				848ED4EC1C8EFFEA00EC5B59 /* Main.storyboard */,
				848ED4EF1C8EFFEA00EC5B59 /* Assets.xcassets */,
				848ED4F11C8EFFEA00EC5B59 /* LaunchScreen.storyboard */,
				848ED4F41C8EFFEA00EC5B59 /* Info.plist */,
				848ED5061C8F055400EC5B59 /* Images */,
			);
			path = DocumentPickerDemo;
			sourceTree = "<group>";
		};
		848ED5061C8F055400EC5B59 /* Images */ = {
			isa = PBXGroup;
			children = (
				848ED5071C8F055400EC5B59 /* iCloudException@1x.png */,
				848ED5081C8F055400EC5B59 /* iCloudException@2x.png */,
				848ED5091C8F055400EC5B59 /* iCloudFix@1x.png */,
				848ED50A1C8F055400EC5B59 /* iCloudFix@2x.png */,
			);
			path = Images;
			sourceTree = "<group>";
		};
/* End PBXGroup section */

/* Begin PBXNativeTarget section */
		848ED4E41C8EFFEA00EC5B59 /* DocumentPickerDemo */ = {
			isa = PBXNativeTarget;
			buildConfigurationList = 848ED4F71C8EFFEA00EC5B59 /* Build configuration list for PBXNativeTarget "DocumentPickerDemo" */;
			buildPhases = (
				848ED4E11C8EFFEA00EC5B59 /* Sources */,
				848ED4E21C8EFFEA00EC5B59 /* Frameworks */,
				848ED4E31C8EFFEA00EC5B59 /* Resources */,
				848ED5571C8F2B6500EC5B59 /* Embed Frameworks */,
				848ED5721C8F2EBD00EC5B59 /* Embed Pods Frameworks */,
			);
			buildRules = (
			);
			dependencies = (
			);
			name = DocumentPickerDemo;
			productName = DocumentPickerDemo;
			productReference = 848ED4E51C8EFFEA00EC5B59 /* DocumentPickerDemo.app */;
			productType = "com.apple.product-type.application";
		};
/* End PBXNativeTarget section */

/* Begin PBXProject section */
		848ED4DD1C8EFFEA00EC5B59 /* Project object */ = {
			isa = PBXProject;
			attributes = {
				LastSwiftUpdateCheck = 0720;
				LastUpgradeCheck = 0720;
				ORGANIZATIONNAME = "RocketBox Ltd";
				TargetAttributes = {
					848ED4E41C8EFFEA00EC5B59 = {
						CreatedOnToolsVersion = 7.2.1;
						DevelopmentTeam = Q32H5S9R95;
						SystemCapabilities = {
							com.apple.iCloud = {
								enabled = 1;
							};
						};
					};
				};
			};
			buildConfigurationList = 848ED4E01C8EFFEA00EC5B59 /* Build configuration list for PBXProject "DocumentPickerDemo" */;
			compatibilityVersion = "Xcode 3.2";
			developmentRegion = English;
			hasScannedForEncodings = 0;
			knownRegions = (
				en,
				Base,
			);
			mainGroup = 848ED4DC1C8EFFEA00EC5B59;
			productRefGroup = 848ED4E61C8EFFEA00EC5B59 /* Products */;
			projectDirPath = "";
			projectRoot = "";
			targets = (
				848ED4E41C8EFFEA00EC5B59 /* DocumentPickerDemo */,
			);
		};
/* End PBXProject section */

/* Begin PBXResourcesBuildPhase section */
		848ED4E31C8EFFEA00EC5B59 /* Resources */ = {
			isa = PBXResourcesBuildPhase;
			buildActionMask = 2147483647;
			files = (
				848ED4F31C8EFFEA00EC5B59 /* LaunchScreen.storyboard in Resources */,
				848ED50C1C8F055400EC5B59 /* iCloudException@2x.png in Resources */,
				848ED50B1C8F055400EC5B59 /* iCloudException@1x.png in Resources */,
				848ED4F01C8EFFEA00EC5B59 /* Assets.xcassets in Resources */,
				848ED4EE1C8EFFEA00EC5B59 /* Main.storyboard in Resources */,
				848ED50E1C8F055400EC5B59 /* iCloudFix@2x.png in Resources */,
				848ED50D1C8F055400EC5B59 /* iCloudFix@1x.png in Resources */,
			);
			runOnlyForDeploymentPostprocessing = 0;
		};
/* End PBXResourcesBuildPhase section */

/* Begin PBXShellScriptBuildPhase section */
		848ED5721C8F2EBD00EC5B59 /* Embed Pods Frameworks */ = {
			isa = PBXShellScriptBuildPhase;
			buildActionMask = 2147483647;
			files = (
			);
			inputPaths = (
			);
			name = "Embed Pods Frameworks";
			outputPaths = (
			);
			runOnlyForDeploymentPostprocessing = 0;
			shellPath = /bin/sh;
			shellScript = "\"${SRCROOT}/../Pods/Target Support Files/Pods-NADocumentPicker/Pods-NADocumentPicker-frameworks.sh\"";
		};
/* End PBXShellScriptBuildPhase section */

/* Begin PBXSourcesBuildPhase section */
		848ED4E11C8EFFEA00EC5B59 /* Sources */ = {
			isa = PBXSourcesBuildPhase;
			buildActionMask = 2147483647;
			files = (
				848ED4EB1C8EFFEA00EC5B59 /* ViewController.swift in Sources */,
				848ED4E91C8EFFEA00EC5B59 /* AppDelegate.swift in Sources */,
			);
			runOnlyForDeploymentPostprocessing = 0;
		};
/* End PBXSourcesBuildPhase section */

/* Begin PBXVariantGroup section */
		848ED4EC1C8EFFEA00EC5B59 /* Main.storyboard */ = {
			isa = PBXVariantGroup;
			children = (
				848ED4ED1C8EFFEA00EC5B59 /* Base */,
			);
			name = Main.storyboard;
			sourceTree = "<group>";
		};
		848ED4F11C8EFFEA00EC5B59 /* LaunchScreen.storyboard */ = {
			isa = PBXVariantGroup;
			children = (
				848ED4F21C8EFFEA00EC5B59 /* Base */,
			);
			name = LaunchScreen.storyboard;
			sourceTree = "<group>";
		};
/* End PBXVariantGroup section */

/* Begin XCBuildConfiguration section */
		848ED4F51C8EFFEA00EC5B59 /* Debug */ = {
			isa = XCBuildConfiguration;
			buildSettings = {
				ALWAYS_SEARCH_USER_PATHS = NO;
				CLANG_CXX_LANGUAGE_STANDARD = "gnu++0x";
				CLANG_CXX_LIBRARY = "libc++";
				CLANG_ENABLE_MODULES = YES;
				CLANG_ENABLE_OBJC_ARC = YES;
				CLANG_WARN_BOOL_CONVERSION = YES;
				CLANG_WARN_CONSTANT_CONVERSION = YES;
				CLANG_WARN_DIRECT_OBJC_ISA_USAGE = YES_ERROR;
				CLANG_WARN_EMPTY_BODY = YES;
				CLANG_WARN_ENUM_CONVERSION = YES;
				CLANG_WARN_INT_CONVERSION = YES;
				CLANG_WARN_OBJC_ROOT_CLASS = YES_ERROR;
				CLANG_WARN_UNREACHABLE_CODE = YES;
				CLANG_WARN__DUPLICATE_METHOD_MATCH = YES;
				"CODE_SIGN_IDENTITY[sdk=iphoneos*]" = "iPhone Developer";
				COPY_PHASE_STRIP = NO;
				DEBUG_INFORMATION_FORMAT = dwarf;
				ENABLE_STRICT_OBJC_MSGSEND = YES;
				ENABLE_TESTABILITY = YES;
				GCC_C_LANGUAGE_STANDARD = gnu99;
				GCC_DYNAMIC_NO_PIC = NO;
				GCC_NO_COMMON_BLOCKS = YES;
				GCC_OPTIMIZATION_LEVEL = 0;
				GCC_PREPROCESSOR_DEFINITIONS = (
					"DEBUG=1",
					"$(inherited)",
				);
				GCC_WARN_64_TO_32_BIT_CONVERSION = YES;
				GCC_WARN_ABOUT_RETURN_TYPE = YES_ERROR;
				GCC_WARN_UNDECLARED_SELECTOR = YES;
				GCC_WARN_UNINITIALIZED_AUTOS = YES_AGGRESSIVE;
				GCC_WARN_UNUSED_FUNCTION = YES;
				GCC_WARN_UNUSED_VARIABLE = YES;
				IPHONEOS_DEPLOYMENT_TARGET = 9.2;
				MTL_ENABLE_DEBUG_INFO = YES;
				ONLY_ACTIVE_ARCH = YES;
				SDKROOT = iphoneos;
				SWIFT_OPTIMIZATION_LEVEL = "-Onone";
				TARGETED_DEVICE_FAMILY = "1,2";
			};
			name = Debug;
		};
		848ED4F61C8EFFEA00EC5B59 /* Release */ = {
			isa = XCBuildConfiguration;
			buildSettings = {
				ALWAYS_SEARCH_USER_PATHS = NO;
				CLANG_CXX_LANGUAGE_STANDARD = "gnu++0x";
				CLANG_CXX_LIBRARY = "libc++";
				CLANG_ENABLE_MODULES = YES;
				CLANG_ENABLE_OBJC_ARC = YES;
				CLANG_WARN_BOOL_CONVERSION = YES;
				CLANG_WARN_CONSTANT_CONVERSION = YES;
				CLANG_WARN_DIRECT_OBJC_ISA_USAGE = YES_ERROR;
				CLANG_WARN_EMPTY_BODY = YES;
				CLANG_WARN_ENUM_CONVERSION = YES;
				CLANG_WARN_INT_CONVERSION = YES;
				CLANG_WARN_OBJC_ROOT_CLASS = YES_ERROR;
				CLANG_WARN_UNREACHABLE_CODE = YES;
				CLANG_WARN__DUPLICATE_METHOD_MATCH = YES;
				"CODE_SIGN_IDENTITY[sdk=iphoneos*]" = "iPhone Developer";
				COPY_PHASE_STRIP = NO;
				DEBUG_INFORMATION_FORMAT = "dwarf-with-dsym";
				ENABLE_NS_ASSERTIONS = NO;
				ENABLE_STRICT_OBJC_MSGSEND = YES;
				GCC_C_LANGUAGE_STANDARD = gnu99;
				GCC_NO_COMMON_BLOCKS = YES;
				GCC_WARN_64_TO_32_BIT_CONVERSION = YES;
				GCC_WARN_ABOUT_RETURN_TYPE = YES_ERROR;
				GCC_WARN_UNDECLARED_SELECTOR = YES;
				GCC_WARN_UNINITIALIZED_AUTOS = YES_AGGRESSIVE;
				GCC_WARN_UNUSED_FUNCTION = YES;
				GCC_WARN_UNUSED_VARIABLE = YES;
				IPHONEOS_DEPLOYMENT_TARGET = 9.2;
				MTL_ENABLE_DEBUG_INFO = NO;
				SDKROOT = iphoneos;
				TARGETED_DEVICE_FAMILY = "1,2";
				VALIDATE_PRODUCT = YES;
			};
			name = Release;
		};
		848ED4F81C8EFFEA00EC5B59 /* Debug */ = {
			isa = XCBuildConfiguration;
			buildSettings = {
				ASSETCATALOG_COMPILER_APPICON_NAME = AppIcon;
				CODE_SIGN_ENTITLEMENTS = DocumentPickerDemo/DocumentPickerDemo.entitlements;
				CODE_SIGN_IDENTITY = "iPhone Developer";
				"CODE_SIGN_IDENTITY[sdk=iphoneos*]" = "iPhone Developer";
				INFOPLIST_FILE = DocumentPickerDemo/Info.plist;
				LD_RUNPATH_SEARCH_PATHS = "$(inherited) @executable_path/Frameworks";
				PRODUCT_BUNDLE_IDENTIFIER = "RocketBox-Ltd.DocumentPickerDemo";
				PRODUCT_NAME = "$(TARGET_NAME)";
				PROVISIONING_PROFILE = "";
			};
			name = Debug;
		};
		848ED4F91C8EFFEA00EC5B59 /* Release */ = {
			isa = XCBuildConfiguration;
			buildSettings = {
				ASSETCATALOG_COMPILER_APPICON_NAME = AppIcon;
				CODE_SIGN_ENTITLEMENTS = DocumentPickerDemo/DocumentPickerDemo.entitlements;
				CODE_SIGN_IDENTITY = "iPhone Developer";
				"CODE_SIGN_IDENTITY[sdk=iphoneos*]" = "iPhone Developer";
				INFOPLIST_FILE = DocumentPickerDemo/Info.plist;
				LD_RUNPATH_SEARCH_PATHS = "$(inherited) @executable_path/Frameworks";
				PRODUCT_BUNDLE_IDENTIFIER = "RocketBox-Ltd.DocumentPickerDemo";
				PRODUCT_NAME = "$(TARGET_NAME)";
				PROVISIONING_PROFILE = "";
			};
			name = Release;
		};
/* End XCBuildConfiguration section */

/* Begin XCConfigurationList section */
		848ED4E01C8EFFEA00EC5B59 /* Build configuration list for PBXProject "DocumentPickerDemo" */ = {
			isa = XCConfigurationList;
			buildConfigurations = (
				848ED4F51C8EFFEA00EC5B59 /* Debug */,
				848ED4F61C8EFFEA00EC5B59 /* Release */,
			);
			defaultConfigurationIsVisible = 0;
			defaultConfigurationName = Release;
		};
		848ED4F71C8EFFEA00EC5B59 /* Build configuration list for PBXNativeTarget "DocumentPickerDemo" */ = {
			isa = XCConfigurationList;
			buildConfigurations = (
				848ED4F81C8EFFEA00EC5B59 /* Debug */,
				848ED4F91C8EFFEA00EC5B59 /* Release */,
			);
			defaultConfigurationIsVisible = 0;
			defaultConfigurationName = Release;
		};
/* End XCConfigurationList section */
	};
	rootObject = 848ED4DD1C8EFFEA00EC5B59 /* Project object */;
}
